
Microsoft Visual Studio Solution File, Format Version 12.00
# Visual Studio Version 17
VisualStudioVersion = 17.2.32616.157
MinimumVisualStudioVersion = 10.0.40219.1
Project("{FAE04EC0-301F-11D3-BF4B-00C04F79EFBC}") = "ConsoleApp6", "ConsoleApp6\ConsoleApp6.csproj", "{D6909926-89E4-483D-B87A-F851A62858E9}"
EndProject
Global
	GlobalSection(SolutionConfigurationPlatforms) = preSolution
		Debug|Any CPU = Debug|Any CPU
		Release|Any CPU = Release|Any CPU
	EndGlobalSection
	GlobalSection(ProjectConfigurationPlatforms) = postSolution
		{D6909926-89E4-483D-B87A-F851A62858E9}.Debug|Any CPU.ActiveCfg = Debug|Any CPU
		{D6909926-89E4-483D-B87A-F851A62858E9}.Debug|Any CPU.Build.0 = Debug|Any CPU
		{D6909926-89E4-483D-B87A-F851A62858E9}.Release|Any CPU.ActiveCfg = Release|Any CPU
		{D6909926-89E4-483D-B87A-F851A62858E9}.Release|Any CPU.Build.0 = Release|Any CPU
	EndGlobalSection
	GlobalSection(SolutionProperties) = preSolution
		HideSolutionNode = FALSE
	EndGlobalSection
	GlobalSection(ExtensibilityGlobals) = postSolution
		SolutionGuid = {F5CBD2CC-4054-4D1F-9409-6FEA69BB1AC4}
	EndGlobalSection
EndGlobal
